
Microsoft Visual Studio Solution File, Format Version 12.00
# Visual Studio 14
VisualStudioVersion = 14.0.25420.1
MinimumVisualStudioVersion = 10.0.40219.1
Project("{FAE04EC0-301F-11D3-BF4B-00C04F79EFBC}") = "PurpleYam_POS", "PurpleYam_POS\PurpleYam_POS.csproj", "{45F6D510-6779-4E0F-93BF-E2FCA1F9BA49}"
EndProject
Project("{FAE04EC0-301F-11D3-BF4B-00C04F79EFBC}") = "Repository", "Repository\Repository.csproj", "{673D2766-F88B-46C5-A93D-93C6F6094D79}"
EndProject
Project("{54435603-DBB4-11D2-8724-00A0C9A8B90C}") = "Setup", "Setup\Setup.vdproj", "{6A6F05A9-FD6D-4B46-AF1C-D152344F6316}"
EndProject
Global
	GlobalSection(SolutionConfigurationPlatforms) = preSolution
		Debug|Any CPU = Debug|Any CPU
		Release|Any CPU = Release|Any CPU
	EndGlobalSection
	GlobalSection(ProjectConfigurationPlatforms) = postSolution
		{45F6D510-6779-4E0F-93BF-E2FCA1F9BA49}.Debug|Any CPU.ActiveCfg = Debug|Any CPU
		{45F6D510-6779-4E0F-93BF-E2FCA1F9BA49}.Debug|Any CPU.Build.0 = Debug|Any CPU
		{45F6D510-6779-4E0F-93BF-E2FCA1F9BA49}.Release|Any CPU.ActiveCfg = Release|Any CPU
		{45F6D510-6779-4E0F-93BF-E2FCA1F9BA49}.Release|Any CPU.Build.0 = Release|Any CPU
		{673D2766-F88B-46C5-A93D-93C6F6094D79}.Debug|Any CPU.ActiveCfg = Debug|Any CPU
		{673D2766-F88B-46C5-A93D-93C6F6094D79}.Debug|Any CPU.Build.0 = Debug|Any CPU
		{673D2766-F88B-46C5-A93D-93C6F6094D79}.Release|Any CPU.ActiveCfg = Release|Any CPU
		{673D2766-F88B-46C5-A93D-93C6F6094D79}.Release|Any CPU.Build.0 = Release|Any CPU
		{6A6F05A9-FD6D-4B46-AF1C-D152344F6316}.Debug|Any CPU.ActiveCfg = Debug
		{6A6F05A9-FD6D-4B46-AF1C-D152344F6316}.Release|Any CPU.ActiveCfg = Release
	EndGlobalSection
	GlobalSection(SolutionProperties) = preSolution
		HideSolutionNode = FALSE
	EndGlobalSection
EndGlobal
